
Microsoft Visual Studio Solution File, Format Version 12.00
# Visual Studio Version 17
VisualStudioVersion = 17.8.34330.188
MinimumVisualStudioVersion = 10.0.40219.1
Project("{FAE04EC0-301F-11D3-BF4B-00C04F79EFBC}") = "FactoryMethod", "FactoryMethod\FactoryMethod.csproj", "{121C8F20-8809-4DDF-B66A-217AB252698C}"
EndProject
Project("{FAE04EC0-301F-11D3-BF4B-00C04F79EFBC}") = "AbstractFactory", "AbstractFactory\AbstractFactory.csproj", "{0F89DA9F-DFDF-4A73-9496-CE7089156D97}"
EndProject
Project("{FAE04EC0-301F-11D3-BF4B-00C04F79EFBC}") = "Builder", "Builder\Builder.csproj", "{69BC9745-10A4-4A24-A36B-47B590A1A07B}"
EndProject
Global
	GlobalSection(SolutionConfigurationPlatforms) = preSolution
		Debug|Any CPU = Debug|Any CPU
		Release|Any CPU = Release|Any CPU
	EndGlobalSection
	GlobalSection(ProjectConfigurationPlatforms) = postSolution
		{121C8F20-8809-4DDF-B66A-217AB252698C}.Debug|Any CPU.ActiveCfg = Debug|Any CPU
		{121C8F20-8809-4DDF-B66A-217AB252698C}.Debug|Any CPU.Build.0 = Debug|Any CPU
		{121C8F20-8809-4DDF-B66A-217AB252698C}.Release|Any CPU.ActiveCfg = Release|Any CPU
		{121C8F20-8809-4DDF-B66A-217AB252698C}.Release|Any CPU.Build.0 = Release|Any CPU
		{0F89DA9F-DFDF-4A73-9496-CE7089156D97}.Debug|Any CPU.ActiveCfg = Debug|Any CPU
		{0F89DA9F-DFDF-4A73-9496-CE7089156D97}.Debug|Any CPU.Build.0 = Debug|Any CPU
		{0F89DA9F-DFDF-4A73-9496-CE7089156D97}.Release|Any CPU.ActiveCfg = Release|Any CPU
		{0F89DA9F-DFDF-4A73-9496-CE7089156D97}.Release|Any CPU.Build.0 = Release|Any CPU
		{69BC9745-10A4-4A24-A36B-47B590A1A07B}.Debug|Any CPU.ActiveCfg = Debug|Any CPU
		{69BC9745-10A4-4A24-A36B-47B590A1A07B}.Debug|Any CPU.Build.0 = Debug|Any CPU
		{69BC9745-10A4-4A24-A36B-47B590A1A07B}.Release|Any CPU.ActiveCfg = Release|Any CPU
		{69BC9745-10A4-4A24-A36B-47B590A1A07B}.Release|Any CPU.Build.0 = Release|Any CPU
	EndGlobalSection
	GlobalSection(SolutionProperties) = preSolution
		HideSolutionNode = FALSE
	EndGlobalSection
	GlobalSection(ExtensibilityGlobals) = postSolution
		SolutionGuid = {58EF1ACA-5696-46B4-ACFB-DDAE305E6037}
	EndGlobalSection
EndGlobal
